// !$*UTF8*$!
{
	archiveVersion = 1;
	classes = {
	};
	objectVersion = 56;
	objects = {

/* Begin PBXBuildFile section */
		F8CAB7882A55B4BC003A4266 /* newApp.swift in Sources */ = {isa = PBXBuildFile; fileRef = F8CAB7872A55B4BC003A4266 /* newApp.swift */; };
		F8CAB78A2A55B4BC003A4266 /* ContentView.swift in Sources */ = {isa = PBXBuildFile; fileRef = F8CAB7892A55B4BC003A4266 /* ContentView.swift */; };
		F8CAB78C2A55B4BF003A4266 /* Assets.xcassets in Resources */ = {isa = PBXBuildFile; fileRef = F8CAB78B2A55B4BE003A4266 /* Assets.xcassets */; };
		F8CAB7902A55B4BF003A4266 /* Preview Assets.xcassets in Resources */ = {isa = PBXBuildFile; fileRef = F8CAB78F2A55B4BF003A4266 /* Preview Assets.xcassets */; };
		F8CAB79A2A55B4BF003A4266 /* newTests.swift in Sources */ = {isa = PBXBuildFile; fileRef = F8CAB7992A55B4BF003A4266 /* newTests.swift */; };
		F8CAB7A42A55B4BF003A4266 /* newUITests.swift in Sources */ = {isa = PBXBuildFile; fileRef = F8CAB7A32A55B4BF003A4266 /* newUITests.swift */; };
		F8CAB7A62A55B4BF003A4266 /* newUITestsLaunchTests.swift in Sources */ = {isa = PBXBuildFile; fileRef = F8CAB7A52A55B4BF003A4266 /* newUITestsLaunchTests.swift */; };
/* End PBXBuildFile section */

/* Begin PBXContainerItemProxy section */
		F8CAB7962A55B4BF003A4266 /* PBXContainerItemProxy */ = {
			isa = PBXContainerItemProxy;
			containerPortal = F8CAB77C2A55B4BC003A4266 /* Project object */;
			proxyType = 1;
			remoteGlobalIDString = F8CAB7832A55B4BC003A4266;
			remoteInfo = new;
		};
		F8CAB7A02A55B4BF003A4266 /* PBXContainerItemProxy */ = {
			isa = PBXContainerItemProxy;
			containerPortal = F8CAB77C2A55B4BC003A4266 /* Project object */;
			proxyType = 1;
			remoteGlobalIDString = F8CAB7832A55B4BC003A4266;
			remoteInfo = new;
		};
/* End PBXContainerItemProxy section */

/* Begin PBXFileReference section */
		F8CAB7842A55B4BC003A4266 /* new.app */ = {isa = PBXFileReference; explicitFileType = wrapper.application; includeInIndex = 0; path = new.app; sourceTree = BUILT_PRODUCTS_DIR; };
		F8CAB7872A55B4BC003A4266 /* newApp.swift */ = {isa = PBXFileReference; lastKnownFileType = sourcecode.swift; path = newApp.swift; sourceTree = "<group>"; };
		F8CAB7892A55B4BC003A4266 /* ContentView.swift */ = {isa = PBXFileReference; lastKnownFileType = sourcecode.swift; path = ContentView.swift; sourceTree = "<group>"; };
		F8CAB78B2A55B4BE003A4266 /* Assets.xcassets */ = {isa = PBXFileReference; lastKnownFileType = folder.assetcatalog; path = Assets.xcassets; sourceTree = "<group>"; };
		F8CAB78D2A55B4BF003A4266 /* new.entitlements */ = {isa = PBXFileReference; lastKnownFileType = text.plist.entitlements; path = new.entitlements; sourceTree = "<group>"; };
		F8CAB78F2A55B4BF003A4266 /* Preview Assets.xcassets */ = {isa = PBXFileReference; lastKnownFileType = folder.assetcatalog; path = "Preview Assets.xcassets"; sourceTree = "<group>"; };
		F8CAB7952A55B4BF003A4266 /* newTests.xctest */ = {isa = PBXFileReference; explicitFileType = wrapper.cfbundle; includeInIndex = 0; path = newTests.xctest; sourceTree = BUILT_PRODUCTS_DIR; };
		F8CAB7992A55B4BF003A4266 /* newTests.swift */ = {isa = PBXFileReference; lastKnownFileType = sourcecode.swift; path = newTests.swift; sourceTree = "<group>"; };
		F8CAB79F2A55B4BF003A4266 /* newUITests.xctest */ = {isa = PBXFileReference; explicitFileType = wrapper.cfbundle; includeInIndex = 0; path = newUITests.xctest; sourceTree = BUILT_PRODUCTS_DIR; };
		F8CAB7A32A55B4BF003A4266 /* newUITests.swift */ = {isa = PBXFileReference; lastKnownFileType = sourcecode.swift; path = newUITests.swift; sourceTree = "<group>"; };
		F8CAB7A52A55B4BF003A4266 /* newUITestsLaunchTests.swift */ = {isa = PBXFileReference; lastKnownFileType = sourcecode.swift; path = newUITestsLaunchTests.swift; sourceTree = "<group>"; };
/* End PBXFileReference section */

/* Begin PBXFrameworksBuildPhase section */
		F8CAB7812A55B4BC003A4266 /* Frameworks */ = {
			isa = PBXFrameworksBuildPhase;
			buildActionMask = 2147483647;
			files = (
			);
			runOnlyForDeploymentPostprocessing = 0;
		};
		F8CAB7922A55B4BF003A4266 /* Frameworks */ = {
			isa = PBXFrameworksBuildPhase;
			buildActionMask = 2147483647;
			files = (
			);
			runOnlyForDeploymentPostprocessing = 0;
		};
		F8CAB79C2A55B4BF003A4266 /* Frameworks */ = {
			isa = PBXFrameworksBuildPhase;
			buildActionMask = 2147483647;
			files = (
			);
			runOnlyForDeploymentPostprocessing = 0;
		};
/* End PBXFrameworksBuildPhase section */

/* Begin PBXGroup section */
		F8CAB77B2A55B4BC003A4266 = {
			isa = PBXGroup;
			children = (
				F8CAB7862A55B4BC003A4266 /* new */,
				F8CAB7982A55B4BF003A4266 /* newTests */,
				F8CAB7A22A55B4BF003A4266 /* newUITests */,
				F8CAB7852A55B4BC003A4266 /* Products */,
			);
			sourceTree = "<group>";
		};
		F8CAB7852A55B4BC003A4266 /* Products */ = {
			isa = PBXGroup;
			children = (
				F8CAB7842A55B4BC003A4266 /* new.app */,
				F8CAB7952A55B4BF003A4266 /* newTests.xctest */,
				F8CAB79F2A55B4BF003A4266 /* newUITests.xctest */,
			);
			name = Products;
			sourceTree = "<group>";
		};
		F8CAB7862A55B4BC003A4266 /* new */ = {
			isa = PBXGroup;
			children = (
				F8CAB7872A55B4BC003A4266 /* newApp.swift */,
				F8CAB7892A55B4BC003A4266 /* ContentView.swift */,
				F8CAB78B2A55B4BE003A4266 /* Assets.xcassets */,
				F8CAB78D2A55B4BF003A4266 /* new.entitlements */,
				F8CAB78E2A55B4BF003A4266 /* Preview Content */,
			);
			path = new;
			sourceTree = "<group>";
		};
		F8CAB78E2A55B4BF003A4266 /* Preview Content */ = {
			isa = PBXGroup;
			children = (
				F8CAB78F2A55B4BF003A4266 /* Preview Assets.xcassets */,
			);
			path = "Preview Content";
			sourceTree = "<group>";
		};
		F8CAB7982A55B4BF003A4266 /* newTests */ = {
			isa = PBXGroup;
			children = (
				F8CAB7992A55B4BF003A4266 /* newTests.swift */,
			);
			path = newTests;
			sourceTree = "<group>";
		};
		F8CAB7A22A55B4BF003A4266 /* newUITests */ = {
			isa = PBXGroup;
			children = (
				F8CAB7A32A55B4BF003A4266 /* newUITests.swift */,
				F8CAB7A52A55B4BF003A4266 /* newUITestsLaunchTests.swift */,
			);
			path = newUITests;
			sourceTree = "<group>";
		};
/* End PBXGroup section */

/* Begin PBXNativeTarget section */
		F8CAB7832A55B4BC003A4266 /* new */ = {
			isa = PBXNativeTarget;
			buildConfigurationList = F8CAB7A92A55B4BF003A4266 /* Build configuration list for PBXNativeTarget "new" */;
			buildPhases = (
				F8CAB7802A55B4BC003A4266 /* Sources */,
				F8CAB7812A55B4BC003A4266 /* Frameworks */,
				F8CAB7822A55B4BC003A4266 /* Resources */,
			);
			buildRules = (
			);
			dependencies = (
			);
			name = new;
			productName = new;
			productReference = F8CAB7842A55B4BC003A4266 /* new.app */;
			productType = "com.apple.product-type.application";
		};
		F8CAB7942A55B4BF003A4266 /* newTests */ = {
			isa = PBXNativeTarget;
			buildConfigurationList = F8CAB7AC2A55B4BF003A4266 /* Build configuration list for PBXNativeTarget "newTests" */;
			buildPhases = (
				F8CAB7912A55B4BF003A4266 /* Sources */,
				F8CAB7922A55B4BF003A4266 /* Frameworks */,
				F8CAB7932A55B4BF003A4266 /* Resources */,
			);
			buildRules = (
			);
			dependencies = (
				F8CAB7972A55B4BF003A4266 /* PBXTargetDependency */,
			);
			name = newTests;
			productName = newTests;
			productReference = F8CAB7952A55B4BF003A4266 /* newTests.xctest */;
			productType = "com.apple.product-type.bundle.unit-test";
		};
		F8CAB79E2A55B4BF003A4266 /* newUITests */ = {
			isa = PBXNativeTarget;
			buildConfigurationList = F8CAB7AF2A55B4BF003A4266 /* Build configuration list for PBXNativeTarget "newUITests" */;
			buildPhases = (
				F8CAB79B2A55B4BF003A4266 /* Sources */,
				F8CAB79C2A55B4BF003A4266 /* Frameworks */,
				F8CAB79D2A55B4BF003A4266 /* Resources */,
			);
			buildRules = (
			);
			dependencies = (
				F8CAB7A12A55B4BF003A4266 /* PBXTargetDependency */,
			);
			name = newUITests;
			productName = newUITests;
			productReference = F8CAB79F2A55B4BF003A4266 /* newUITests.xctest */;
			productType = "com.apple.product-type.bundle.ui-testing";
		};
/* End PBXNativeTarget section */

/* Begin PBXProject section */
		F8CAB77C2A55B4BC003A4266 /* Project object */ = {
			isa = PBXProject;
			attributes = {
				BuildIndependentTargetsInParallel = 1;
				LastSwiftUpdateCheck = 1420;
				LastUpgradeCheck = 1420;
				TargetAttributes = {
					F8CAB7832A55B4BC003A4266 = {
						CreatedOnToolsVersion = 14.2;
					};
					F8CAB7942A55B4BF003A4266 = {
						CreatedOnToolsVersion = 14.2;
						TestTargetID = F8CAB7832A55B4BC003A4266;
					};
					F8CAB79E2A55B4BF003A4266 = {
						CreatedOnToolsVersion = 14.2;
						TestTargetID = F8CAB7832A55B4BC003A4266;
					};
				};
			};
			buildConfigurationList = F8CAB77F2A55B4BC003A4266 /* Build configuration list for PBXProject "new" */;
			compatibilityVersion = "Xcode 14.0";
			developmentRegion = en;
			hasScannedForEncodings = 0;
			knownRegions = (
				en,
				Base,
			);
			mainGroup = F8CAB77B2A55B4BC003A4266;
			productRefGroup = F8CAB7852A55B4BC003A4266 /* Products */;
			projectDirPath = "";
			projectRoot = "";
			targets = (
				F8CAB7832A55B4BC003A4266 /* new */,
				F8CAB7942A55B4BF003A4266 /* newTests */,
				F8CAB79E2A55B4BF003A4266 /* newUITests */,
			);
		};
/* End PBXProject section */

/* Begin PBXResourcesBuildPhase section */
		F8CAB7822A55B4BC003A4266 /* Resources */ = {
			isa = PBXResourcesBuildPhase;
			buildActionMask = 2147483647;
			files = (
				F8CAB7902A55B4BF003A4266 /* Preview Assets.xcassets in Resources */,
				F8CAB78C2A55B4BF003A4266 /* Assets.xcassets in Resources */,
			);
			runOnlyForDeploymentPostprocessing = 0;
		};
		F8CAB7932A55B4BF003A4266 /* Resources */ = {
			isa = PBXResourcesBuildPhase;
			buildActionMask = 2147483647;
			files = (
			);
			runOnlyForDeploymentPostprocessing = 0;
		};
		F8CAB79D2A55B4BF003A4266 /* Resources */ = {
			isa = PBXResourcesBuildPhase;
			buildActionMask = 2147483647;
			files = (
			);
			runOnlyForDeploymentPostprocessing = 0;
		};
/* End PBXResourcesBuildPhase section */

/* Begin PBXSourcesBuildPhase section */
		F8CAB7802A55B4BC003A4266 /* Sources */ = {
			isa = PBXSourcesBuildPhase;
			buildActionMask = 2147483647;
			files = (
				F8CAB78A2A55B4BC003A4266 /* ContentView.swift in Sources */,
				F8CAB7882A55B4BC003A4266 /* newApp.swift in Sources */,
			);
			runOnlyForDeploymentPostprocessing = 0;
		};
		F8CAB7912A55B4BF003A4266 /* Sources */ = {
			isa = PBXSourcesBuildPhase;
			buildActionMask = 2147483647;
			files = (
				F8CAB79A2A55B4BF003A4266 /* newTests.swift in Sources */,
			);
			runOnlyForDeploymentPostprocessing = 0;
		};
		F8CAB79B2A55B4BF003A4266 /* Sources */ = {
			isa = PBXSourcesBuildPhase;
			buildActionMask = 2147483647;
			files = (
				F8CAB7A42A55B4BF003A4266 /* newUITests.swift in Sources */,
				F8CAB7A62A55B4BF003A4266 /* newUITestsLaunchTests.swift in Sources */,
			);
			runOnlyForDeploymentPostprocessing = 0;
		};
/* End PBXSourcesBuildPhase section */

/* Begin PBXTargetDependency section */
		F8CAB7972A55B4BF003A4266 /* PBXTargetDependency */ = {
			isa = PBXTargetDependency;
			target = F8CAB7832A55B4BC003A4266 /* new */;
			targetProxy = F8CAB7962A55B4BF003A4266 /* PBXContainerItemProxy */;
		};
		F8CAB7A12A55B4BF003A4266 /* PBXTargetDependency */ = {
			isa = PBXTargetDependency;
			target = F8CAB7832A55B4BC003A4266 /* new */;
			targetProxy = F8CAB7A02A55B4BF003A4266 /* PBXContainerItemProxy */;
		};
/* End PBXTargetDependency section */

/* Begin XCBuildConfiguration section */
		F8CAB7A72A55B4BF003A4266 /* Debug */ = {
			isa = XCBuildConfiguration;
			buildSettings = {
				ALWAYS_SEARCH_USER_PATHS = NO;
				CLANG_ANALYZER_NONNULL = YES;
				CLANG_ANALYZER_NUMBER_OBJECT_CONVERSION = YES_AGGRESSIVE;
				CLANG_CXX_LANGUAGE_STANDARD = "gnu++20";
				CLANG_ENABLE_MODULES = YES;
				CLANG_ENABLE_OBJC_ARC = YES;
				CLANG_ENABLE_OBJC_WEAK = YES;
				CLANG_WARN_BLOCK_CAPTURE_AUTORELEASING = YES;
				CLANG_WARN_BOOL_CONVERSION = YES;
				CLANG_WARN_COMMA = YES;
				CLANG_WARN_CONSTANT_CONVERSION = YES;
				CLANG_WARN_DEPRECATED_OBJC_IMPLEMENTATIONS = YES;
				CLANG_WARN_DIRECT_OBJC_ISA_USAGE = YES_ERROR;
				CLANG_WARN_DOCUMENTATION_COMMENTS = YES;
				CLANG_WARN_EMPTY_BODY = YES;
				CLANG_WARN_ENUM_CONVERSION = YES;
				CLANG_WARN_INFINITE_RECURSION = YES;
				CLANG_WARN_INT_CONVERSION = YES;
				CLANG_WARN_NON_LITERAL_NULL_CONVERSION = YES;
				CLANG_WARN_OBJC_IMPLICIT_RETAIN_SELF = YES;
				CLANG_WARN_OBJC_LITERAL_CONVERSION = YES;
				CLANG_WARN_OBJC_ROOT_CLASS = YES_ERROR;
				CLANG_WARN_QUOTED_INCLUDE_IN_FRAMEWORK_HEADER = YES;
				CLANG_WARN_RANGE_LOOP_ANALYSIS = YES;
				CLANG_WARN_STRICT_PROTOTYPES = YES;
				CLANG_WARN_SUSPICIOUS_MOVE = YES;
				CLANG_WARN_UNGUARDED_AVAILABILITY = YES_AGGRESSIVE;
				CLANG_WARN_UNREACHABLE_CODE = YES;
				CLANG_WARN__DUPLICATE_METHOD_MATCH = YES;
				COPY_PHASE_STRIP = NO;
				DEBUG_INFORMATION_FORMAT = dwarf;
				ENABLE_STRICT_OBJC_MSGSEND = YES;
				ENABLE_TESTABILITY = YES;
				GCC_C_LANGUAGE_STANDARD = gnu11;
				GCC_DYNAMIC_NO_PIC = NO;
				GCC_NO_COMMON_BLOCKS = YES;
				GCC_OPTIMIZATION_LEVEL = 0;
				GCC_PREPROCESSOR_DEFINITIONS = (
					"DEBUG=1",
					"$(inherited)",
				);
				GCC_WARN_64_TO_32_BIT_CONVERSION = YES;
				GCC_WARN_ABOUT_RETURN_TYPE = YES_ERROR;
				GCC_WARN_UNDECLARED_SELECTOR = YES;
				GCC_WARN_UNINITIALIZED_AUTOS = YES_AGGRESSIVE;
				GCC_WARN_UNUSED_FUNCTION = YES;
				GCC_WARN_UNUSED_VARIABLE = YES;
				MTL_ENABLE_DEBUG_INFO = INCLUDE_SOURCE;
				MTL_FAST_MATH = YES;
				ONLY_ACTIVE_ARCH = YES;
				SWIFT_ACTIVE_COMPILATION_CONDITIONS = DEBUG;
				SWIFT_OPTIMIZATION_LEVEL = "-Onone";
			};
			name = Debug;
		};
		F8CAB7A82A55B4BF003A4266 /* Release */ = {
			isa = XCBuildConfiguration;
			buildSettings = {
				ALWAYS_SEARCH_USER_PATHS = NO;
				CLANG_ANALYZER_NONNULL = YES;
				CLANG_ANALYZER_NUMBER_OBJECT_CONVERSION = YES_AGGRESSIVE;
				CLANG_CXX_LANGUAGE_STANDARD = "gnu++20";
				CLANG_ENABLE_MODULES = YES;
				CLANG_ENABLE_OBJC_ARC = YES;
				CLANG_ENABLE_OBJC_WEAK = YES;
				CLANG_WARN_BLOCK_CAPTURE_AUTORELEASING = YES;
				CLANG_WARN_BOOL_CONVERSION = YES;
				CLANG_WARN_COMMA = YES;
				CLANG_WARN_CONSTANT_CONVERSION = YES;
				CLANG_WARN_DEPRECATED_OBJC_IMPLEMENTATIONS = YES;
				CLANG_WARN_DIRECT_OBJC_ISA_USAGE = YES_ERROR;
				CLANG_WARN_DOCUMENTATION_COMMENTS = YES;
				CLANG_WARN_EMPTY_BODY = YES;
				CLANG_WARN_ENUM_CONVERSION = YES;
				CLANG_WARN_INFINITE_RECURSION = YES;
				CLANG_WARN_INT_CONVERSION = YES;
				CLANG_WARN_NON_LITERAL_NULL_CONVERSION = YES;
				CLANG_WARN_OBJC_IMPLICIT_RETAIN_SELF = YES;
				CLANG_WARN_OBJC_LITERAL_CONVERSION = YES;
				CLANG_WARN_OBJC_ROOT_CLASS = YES_ERROR;
				CLANG_WARN_QUOTED_INCLUDE_IN_FRAMEWORK_HEADER = YES;
				CLANG_WARN_RANGE_LOOP_ANALYSIS = YES;
				CLANG_WARN_STRICT_PROTOTYPES = YES;
				CLANG_WARN_SUSPICIOUS_MOVE = YES;
				CLANG_WARN_UNGUARDED_AVAILABILITY = YES_AGGRESSIVE;
				CLANG_WARN_UNREACHABLE_CODE = YES;
				CLANG_WARN__DUPLICATE_METHOD_MATCH = YES;
				COPY_PHASE_STRIP = NO;
				DEBUG_INFORMATION_FORMAT = "dwarf-with-dsym";
				ENABLE_NS_ASSERTIONS = NO;
				ENABLE_STRICT_OBJC_MSGSEND = YES;
				GCC_C_LANGUAGE_STANDARD = gnu11;
				GCC_NO_COMMON_BLOCKS = YES;
				GCC_WARN_64_TO_32_BIT_CONVERSION = YES;
				GCC_WARN_ABOUT_RETURN_TYPE = YES_ERROR;
				GCC_WARN_UNDECLARED_SELECTOR = YES;
				GCC_WARN_UNINITIALIZED_AUTOS = YES_AGGRESSIVE;
				GCC_WARN_UNUSED_FUNCTION = YES;
				GCC_WARN_UNUSED_VARIABLE = YES;
				MTL_ENABLE_DEBUG_INFO = NO;
				MTL_FAST_MATH = YES;
				SWIFT_COMPILATION_MODE = wholemodule;
				SWIFT_OPTIMIZATION_LEVEL = "-O";
			};
			name = Release;
		};
		F8CAB7AA2A55B4BF003A4266 /* Debug */ = {
			isa = XCBuildConfiguration;
			buildSettings = {
				ASSETCATALOG_COMPILER_APPICON_NAME = AppIcon;
				ASSETCATALOG_COMPILER_GLOBAL_ACCENT_COLOR_NAME = AccentColor;
				CODE_SIGN_ENTITLEMENTS = new/new.entitlements;
				CODE_SIGN_STYLE = Automatic;
				CURRENT_PROJECT_VERSION = 1;
				DEVELOPMENT_ASSET_PATHS = "\"new/Preview Content\"";
				ENABLE_PREVIEWS = YES;
				GENERATE_INFOPLIST_FILE = YES;
				"INFOPLIST_KEY_UIApplicationSceneManifest_Generation[sdk=iphoneos*]" = YES;
				"INFOPLIST_KEY_UIApplicationSceneManifest_Generation[sdk=iphonesimulator*]" = YES;
				"INFOPLIST_KEY_UIApplicationSupportsIndirectInputEvents[sdk=iphoneos*]" = YES;
				"INFOPLIST_KEY_UIApplicationSupportsIndirectInputEvents[sdk=iphonesimulator*]" = YES;
				"INFOPLIST_KEY_UILaunchScreen_Generation[sdk=iphoneos*]" = YES;
				"INFOPLIST_KEY_UILaunchScreen_Generation[sdk=iphonesimulator*]" = YES;
				"INFOPLIST_KEY_UIStatusBarStyle[sdk=iphoneos*]" = UIStatusBarStyleDefault;
				"INFOPLIST_KEY_UIStatusBarStyle[sdk=iphonesimulator*]" = UIStatusBarStyleDefault;
				INFOPLIST_KEY_UISupportedInterfaceOrientations_iPad = "UIInterfaceOrientationPortrait UIInterfaceOrientationPortraitUpsideDown UIInterfaceOrientationLandscapeLeft UIInterfaceOrientationLandscapeRight";
				INFOPLIST_KEY_UISupportedInterfaceOrientations_iPhone = "UIInterfaceOrientationPortrait UIInterfaceOrientationLandscapeLeft UIInterfaceOrientationLandscapeRight";
				IPHONEOS_DEPLOYMENT_TARGET = 16.2;
				LD_RUNPATH_SEARCH_PATHS = "@executable_path/Frameworks";
				"LD_RUNPATH_SEARCH_PATHS[sdk=macosx*]" = "@executable_path/../Frameworks";
				MACOSX_DEPLOYMENT_TARGET = 12.6;
				MARKETING_VERSION = 1.0;
				PRODUCT_BUNDLE_IDENTIFIER = "-1.new";
				PRODUCT_NAME = "$(TARGET_NAME)";
				SDKROOT = auto;
				SUPPORTED_PLATFORMS = "iphoneos iphonesimulator macosx";
				SWIFT_EMIT_LOC_STRINGS = YES;
				SWIFT_VERSION = 5.0;
				TARGETED_DEVICE_FAMILY = "1,2";
			};
			name = Debug;
		};
		F8CAB7AB2A55B4BF003A4266 /* Release */ = {
			isa = XCBuildConfiguration;
			buildSettings = {
				ASSETCATALOG_COMPILER_APPICON_NAME = AppIcon;
				ASSETCATALOG_COMPILER_GLOBAL_ACCENT_COLOR_NAME = AccentColor;
				CODE_SIGN_ENTITLEMENTS = new/new.entitlements;
				CODE_SIGN_STYLE = Automatic;
				CURRENT_PROJECT_VERSION = 1;
				DEVELOPMENT_ASSET_PATHS = "\"new/Preview Content\"";
				ENABLE_PREVIEWS = YES;
				GENERATE_INFOPLIST_FILE = YES;
				"INFOPLIST_KEY_UIApplicationSceneManifest_Generation[sdk=iphoneos*]" = YES;
				"INFOPLIST_KEY_UIApplicationSceneManifest_Generation[sdk=iphonesimulator*]" = YES;
				"INFOPLIST_KEY_UIApplicationSupportsIndirectInputEvents[sdk=iphoneos*]" = YES;
				"INFOPLIST_KEY_UIApplicationSupportsIndirectInputEvents[sdk=iphonesimulator*]" = YES;
				"INFOPLIST_KEY_UILaunchScreen_Generation[sdk=iphoneos*]" = YES;
				"INFOPLIST_KEY_UILaunchScreen_Generation[sdk=iphonesimulator*]" = YES;
				"INFOPLIST_KEY_UIStatusBarStyle[sdk=iphoneos*]" = UIStatusBarStyleDefault;
				"INFOPLIST_KEY_UIStatusBarStyle[sdk=iphonesimulator*]" = UIStatusBarStyleDefault;
				INFOPLIST_KEY_UISupportedInterfaceOrientations_iPad = "UIInterfaceOrientationPortrait UIInterfaceOrientationPortraitUpsideDown UIInterfaceOrientationLandscapeLeft UIInterfaceOrientationLandscapeRight";
				INFOPLIST_KEY_UISupportedInterfaceOrientations_iPhone = "UIInterfaceOrientationPortrait UIInterfaceOrientationLandscapeLeft UIInterfaceOrientationLandscapeRight";
				IPHONEOS_DEPLOYMENT_TARGET = 16.2;
				LD_RUNPATH_SEARCH_PATHS = "@executable_path/Frameworks";
				"LD_RUNPATH_SEARCH_PATHS[sdk=macosx*]" = "@executable_path/../Frameworks";
				MACOSX_DEPLOYMENT_TARGET = 12.6;
				MARKETING_VERSION = 1.0;
				PRODUCT_BUNDLE_IDENTIFIER = "-1.new";
				PRODUCT_NAME = "$(TARGET_NAME)";
				SDKROOT = auto;
				SUPPORTED_PLATFORMS = "iphoneos iphonesimulator macosx";
				SWIFT_EMIT_LOC_STRINGS = YES;
				SWIFT_VERSION = 5.0;
				TARGETED_DEVICE_FAMILY = "1,2";
			};
			name = Release;
		};
		F8CAB7AD2A55B4BF003A4266 /* Debug */ = {
			isa = XCBuildConfiguration;
			buildSettings = {
				ALWAYS_EMBED_SWIFT_STANDARD_LIBRARIES = YES;
				BUNDLE_LOADER = "$(TEST_HOST)";
				CODE_SIGN_STYLE = Automatic;
				CURRENT_PROJECT_VERSION = 1;
				GENERATE_INFOPLIST_FILE = YES;
				IPHONEOS_DEPLOYMENT_TARGET = 16.2;
				MACOSX_DEPLOYMENT_TARGET = 12.6;
				MARKETING_VERSION = 1.0;
				PRODUCT_BUNDLE_IDENTIFIER = "-1.newTests";
				PRODUCT_NAME = "$(TARGET_NAME)";
				SDKROOT = auto;
				SUPPORTED_PLATFORMS = "iphoneos iphonesimulator macosx";
				SWIFT_EMIT_LOC_STRINGS = NO;
				SWIFT_VERSION = 5.0;
				TARGETED_DEVICE_FAMILY = "1,2";
				TEST_HOST = "$(BUILT_PRODUCTS_DIR)/new.app/$(BUNDLE_EXECUTABLE_FOLDER_PATH)/new";
			};
			name = Debug;
		};
		F8CAB7AE2A55B4BF003A4266 /* Release */ = {
			isa = XCBuildConfiguration;
			buildSettings = {
				ALWAYS_EMBED_SWIFT_STANDARD_LIBRARIES = YES;
				BUNDLE_LOADER = "$(TEST_HOST)";
				CODE_SIGN_STYLE = Automatic;
				CURRENT_PROJECT_VERSION = 1;
				GENERATE_INFOPLIST_FILE = YES;
				IPHONEOS_DEPLOYMENT_TARGET = 16.2;
				MACOSX_DEPLOYMENT_TARGET = 12.6;
				MARKETING_VERSION = 1.0;
				PRODUCT_BUNDLE_IDENTIFIER = "-1.newTests";
				PRODUCT_NAME = "$(TARGET_NAME)";
				SDKROOT = auto;
				SUPPORTED_PLATFORMS = "iphoneos iphonesimulator macosx";
				SWIFT_EMIT_LOC_STRINGS = NO;
				SWIFT_VERSION = 5.0;
				TARGETED_DEVICE_FAMILY = "1,2";
				TEST_HOST = "$(BUILT_PRODUCTS_DIR)/new.app/$(BUNDLE_EXECUTABLE_FOLDER_PATH)/new";
			};
			name = Release;
		};
		F8CAB7B02A55B4BF003A4266 /* Debug */ = {
			isa = XCBuildConfiguration;
			buildSettings = {
				ALWAYS_EMBED_SWIFT_STANDARD_LIBRARIES = YES;
				CODE_SIGN_STYLE = Automatic;
				CURRENT_PROJECT_VERSION = 1;
				GENERATE_INFOPLIST_FILE = YES;
				IPHONEOS_DEPLOYMENT_TARGET = 16.2;
				MACOSX_DEPLOYMENT_TARGET = 12.6;
				MARKETING_VERSION = 1.0;
				PRODUCT_BUNDLE_IDENTIFIER = "-1.newUITests";
				PRODUCT_NAME = "$(TARGET_NAME)";
				SDKROOT = auto;
				SUPPORTED_PLATFORMS = "iphoneos iphonesimulator macosx";
				SWIFT_EMIT_LOC_STRINGS = NO;
				SWIFT_VERSION = 5.0;
				TARGETED_DEVICE_FAMILY = "1,2";
				TEST_TARGET_NAME = new;
			};
			name = Debug;
		};
		F8CAB7B12A55B4BF003A4266 /* Release */ = {
			isa = XCBuildConfiguration;
			buildSettings = {
				ALWAYS_EMBED_SWIFT_STANDARD_LIBRARIES = YES;
				CODE_SIGN_STYLE = Automatic;
				CURRENT_PROJECT_VERSION = 1;
				GENERATE_INFOPLIST_FILE = YES;
				IPHONEOS_DEPLOYMENT_TARGET = 16.2;
				MACOSX_DEPLOYMENT_TARGET = 12.6;
				MARKETING_VERSION = 1.0;
				PRODUCT_BUNDLE_IDENTIFIER = "-1.newUITests";
				PRODUCT_NAME = "$(TARGET_NAME)";
				SDKROOT = auto;
				SUPPORTED_PLATFORMS = "iphoneos iphonesimulator macosx";
				SWIFT_EMIT_LOC_STRINGS = NO;
				SWIFT_VERSION = 5.0;
				TARGETED_DEVICE_FAMILY = "1,2";
				TEST_TARGET_NAME = new;
			};
			name = Release;
		};
/* End XCBuildConfiguration section */

/* Begin XCConfigurationList section */
		F8CAB77F2A55B4BC003A4266 /* Build configuration list for PBXProject "new" */ = {
			isa = XCConfigurationList;
			buildConfigurations = (
				F8CAB7A72A55B4BF003A4266 /* Debug */,
				F8CAB7A82A55B4BF003A4266 /* Release */,
			);
			defaultConfigurationIsVisible = 0;
			defaultConfigurationName = Release;
		};
		F8CAB7A92A55B4BF003A4266 /* Build configuration list for PBXNativeTarget "new" */ = {
			isa = XCConfigurationList;
			buildConfigurations = (
				F8CAB7AA2A55B4BF003A4266 /* Debug */,
				F8CAB7AB2A55B4BF003A4266 /* Release */,
			);
			defaultConfigurationIsVisible = 0;
			defaultConfigurationName = Release;
		};
		F8CAB7AC2A55B4BF003A4266 /* Build configuration list for PBXNativeTarget "newTests" */ = {
			isa = XCConfigurationList;
			buildConfigurations = (
				F8CAB7AD2A55B4BF003A4266 /* Debug */,
				F8CAB7AE2A55B4BF003A4266 /* Release */,
			);
			defaultConfigurationIsVisible = 0;
			defaultConfigurationName = Release;
		};
		F8CAB7AF2A55B4BF003A4266 /* Build configuration list for PBXNativeTarget "newUITests" */ = {
			isa = XCConfigurationList;
			buildConfigurations = (
				F8CAB7B02A55B4BF003A4266 /* Debug */,
				F8CAB7B12A55B4BF003A4266 /* Release */,
			);
			defaultConfigurationIsVisible = 0;
			defaultConfigurationName = Release;
		};
/* End XCConfigurationList section */
	};
	rootObject = F8CAB77C2A55B4BC003A4266 /* Project object */;
}
